
Microsoft Visual Studio Solution File, Format Version 12.00
# Visual Studio 15
VisualStudioVersion = 15.0.28010.2026
MinimumVisualStudioVersion = 10.0.40219.1
Project("{9092AA53-FB77-4645-B42D-1CCCA6BD08BD}") = "lab2", "lab2\lab2.njsproj", "{0245B8B9-2FAA-49EB-B0CE-245A1F3A9AE1}"
EndProject
Global
	GlobalSection(SolutionConfigurationPlatforms) = preSolution
		Debug|Any CPU = Debug|Any CPU
		Release|Any CPU = Release|Any CPU
	EndGlobalSection
	GlobalSection(ProjectConfigurationPlatforms) = postSolution
		{0245B8B9-2FAA-49EB-B0CE-245A1F3A9AE1}.Debug|Any CPU.ActiveCfg = Debug|Any CPU
		{0245B8B9-2FAA-49EB-B0CE-245A1F3A9AE1}.Debug|Any CPU.Build.0 = Debug|Any CPU
		{0245B8B9-2FAA-49EB-B0CE-245A1F3A9AE1}.Release|Any CPU.ActiveCfg = Release|Any CPU
		{0245B8B9-2FAA-49EB-B0CE-245A1F3A9AE1}.Release|Any CPU.Build.0 = Release|Any CPU
	EndGlobalSection
	GlobalSection(SolutionProperties) = preSolution
		HideSolutionNode = FALSE
	EndGlobalSection
	GlobalSection(ExtensibilityGlobals) = postSolution
		SolutionGuid = {DFF24663-F6D7-4CB2-8591-AA90F6E8950F}
	EndGlobalSection
EndGlobal
